
Microsoft Visual Studio Solution File, Format Version 12.00
# Visual Studio Version 16
VisualStudioVersion = 16.0.33529.622
MinimumVisualStudioVersion = 10.0.40219.1
Project("{9A19103F-16F7-4668-BE54-9A1E7A4F7556}") = "APExittest", "APExittest.csproj", "{9690F8AA-FCCA-420C-B790-B2BC30BC73D1}"
EndProject
Project("{2150E333-8FDC-42A3-9474-1A3956D46DE8}") = "Bussiness", "Bussiness", "{25CDDA14-5A35-4E6D-99DE-AFDBC57021EE}"
EndProject
Project("{9A19103F-16F7-4668-BE54-9A1E7A4F7556}") = "APExittest.Bussiness", "..\APExittest.Bussiness\APExittest.Bussiness.csproj", "{5550274C-FBDC-4A35-AE56-44F64A6A94E6}"
EndProject
Global
	GlobalSection(SolutionConfigurationPlatforms) = preSolution
		Debug|Any CPU = Debug|Any CPU
		Release|Any CPU = Release|Any CPU
	EndGlobalSection
	GlobalSection(ProjectConfigurationPlatforms) = postSolution
		{9690F8AA-FCCA-420C-B790-B2BC30BC73D1}.Debug|Any CPU.ActiveCfg = Debug|Any CPU
		{9690F8AA-FCCA-420C-B790-B2BC30BC73D1}.Debug|Any CPU.Build.0 = Debug|Any CPU
		{9690F8AA-FCCA-420C-B790-B2BC30BC73D1}.Release|Any CPU.ActiveCfg = Release|Any CPU
		{9690F8AA-FCCA-420C-B790-B2BC30BC73D1}.Release|Any CPU.Build.0 = Release|Any CPU
		{5550274C-FBDC-4A35-AE56-44F64A6A94E6}.Debug|Any CPU.ActiveCfg = Debug|Any CPU
		{5550274C-FBDC-4A35-AE56-44F64A6A94E6}.Debug|Any CPU.Build.0 = Debug|Any CPU
		{5550274C-FBDC-4A35-AE56-44F64A6A94E6}.Release|Any CPU.ActiveCfg = Release|Any CPU
		{5550274C-FBDC-4A35-AE56-44F64A6A94E6}.Release|Any CPU.Build.0 = Release|Any CPU
	EndGlobalSection
	GlobalSection(SolutionProperties) = preSolution
		HideSolutionNode = FALSE
	EndGlobalSection
	GlobalSection(NestedProjects) = preSolution
		{5550274C-FBDC-4A35-AE56-44F64A6A94E6} = {25CDDA14-5A35-4E6D-99DE-AFDBC57021EE}
	EndGlobalSection
	GlobalSection(ExtensibilityGlobals) = postSolution
		SolutionGuid = {F1552D1E-1839-47C7-8424-DF9B30B75A72}
	EndGlobalSection
EndGlobal
